{
  "name": "jhonlarru",
  "lockfileVersion": 2,
  "requires": true,
  "packages": {
    "": {
      "dependencies": {
        "builder-pattern": "^2.2.0"
      }
    },
    "node_modules/builder-pattern": {
      "version": "2.2.0",
      "resolved": "https://registry.npmjs.org/builder-pattern/-/builder-pattern-2.2.0.tgz",
      "integrity": "sha512-cES3qdeBzA4QyJi7rV/l/kAhIFX6AKo3vK66ZPXLNpjcQWCS8sjLKscly8imlfW2YPTo/hquMRMnaWpZ80Kj+g=="
    }
  },
  "dependencies": {
    "builder-pattern": {
      "version": "2.2.0",
      "resolved": "https://registry.npmjs.org/builder-pattern/-/builder-pattern-2.2.0.tgz",
      "integrity": "sha512-cES3qdeBzA4QyJi7rV/l/kAhIFX6AKo3vK66ZPXLNpjcQWCS8sjLKscly8imlfW2YPTo/hquMRMnaWpZ80Kj+g=="
    }
  }
}
